
Microsoft Visual Studio Solution File, Format Version 12.00
# Visual Studio Version 17
VisualStudioVersion = 17.11.35222.181
MinimumVisualStudioVersion = 10.0.40219.1
Project("{F2A71F9B-5D33-465A-A702-920D77279786}") = "StudentRegistrationApp", "StudentRegistrationApp\StudentRegistrationApp.fsproj", "{B632F645-0851-4ED9-991A-64C39D763F2A}"
EndProject
Global
	GlobalSection(SolutionConfigurationPlatforms) = preSolution
		Debug|Any CPU = Debug|Any CPU
		Release|Any CPU = Release|Any CPU
	EndGlobalSection
	GlobalSection(ProjectConfigurationPlatforms) = postSolution
		{B632F645-0851-4ED9-991A-64C39D763F2A}.Debug|Any CPU.ActiveCfg = Debug|Any CPU
		{B632F645-0851-4ED9-991A-64C39D763F2A}.Debug|Any CPU.Build.0 = Debug|Any CPU
		{B632F645-0851-4ED9-991A-64C39D763F2A}.Release|Any CPU.ActiveCfg = Release|Any CPU
		{B632F645-0851-4ED9-991A-64C39D763F2A}.Release|Any CPU.Build.0 = Release|Any CPU
	EndGlobalSection
	GlobalSection(SolutionProperties) = preSolution
		HideSolutionNode = FALSE
	EndGlobalSection
	GlobalSection(ExtensibilityGlobals) = postSolution
		SolutionGuid = {FD495F85-401F-4470-AFFE-CAF164A49B1C}
	EndGlobalSection
EndGlobal
